
Microsoft Visual Studio Solution File, Format Version 12.00
# Visual Studio Version 17
VisualStudioVersion = 17.9.34728.123
MinimumVisualStudioVersion = 10.0.40219.1
Project("{FAE04EC0-301F-11D3-BF4B-00C04F79EFBC}") = "Banka", "Banka\Banka.csproj", "{519764C4-0B10-4C15-80E5-636D0210415E}"
EndProject
Global
	GlobalSection(SolutionConfigurationPlatforms) = preSolution
		Debug|Any CPU = Debug|Any CPU
		Release|Any CPU = Release|Any CPU
	EndGlobalSection
	GlobalSection(ProjectConfigurationPlatforms) = postSolution
		{519764C4-0B10-4C15-80E5-636D0210415E}.Debug|Any CPU.ActiveCfg = Debug|Any CPU
		{519764C4-0B10-4C15-80E5-636D0210415E}.Debug|Any CPU.Build.0 = Debug|Any CPU
		{519764C4-0B10-4C15-80E5-636D0210415E}.Release|Any CPU.ActiveCfg = Release|Any CPU
		{519764C4-0B10-4C15-80E5-636D0210415E}.Release|Any CPU.Build.0 = Release|Any CPU
	EndGlobalSection
	GlobalSection(SolutionProperties) = preSolution
		HideSolutionNode = FALSE
	EndGlobalSection
	GlobalSection(ExtensibilityGlobals) = postSolution
		SolutionGuid = {FB254CB0-45A5-449C-8EED-1904601C4817}
	EndGlobalSection
EndGlobal
